// !$*UTF8*$!
{
	archiveVersion = 1;
	classes = {
	};
	objectVersion = 46;
	objects = {

/* Begin PBXBuildFile section */
		736C015CB0E728593E57E49B /* Pods_SBSwiftFrameWork.framework in Frameworks */ = {isa = PBXBuildFile; fileRef = 09E5505E3116CA8F3A8E12D4 /* Pods_SBSwiftFrameWork.framework */; };
		911DEEC51ECAA76D00B81844 /* AppDelegate.swift in Sources */ = {isa = PBXBuildFile; fileRef = 911DEEC41ECAA76D00B81844 /* AppDelegate.swift */; };
		911DEEC71ECAA76D00B81844 /* ViewController.swift in Sources */ = {isa = PBXBuildFile; fileRef = 911DEEC61ECAA76D00B81844 /* ViewController.swift */; };
		911DEECA1ECAA76D00B81844 /* Main.storyboard in Resources */ = {isa = PBXBuildFile; fileRef = 911DEEC81ECAA76D00B81844 /* Main.storyboard */; };
		911DEECC1ECAA76D00B81844 /* Assets.xcassets in Resources */ = {isa = PBXBuildFile; fileRef = 911DEECB1ECAA76D00B81844 /* Assets.xcassets */; };
		911DEECF1ECAA76D00B81844 /* LaunchScreen.storyboard in Resources */ = {isa = PBXBuildFile; fileRef = 911DEECD1ECAA76D00B81844 /* LaunchScreen.storyboard */; };
		91618C111ECAA90A007D7038 /* CustomNAVC.swift in Sources */ = {isa = PBXBuildFile; fileRef = 91618C0E1ECAA90A007D7038 /* CustomNAVC.swift */; };
		91618C121ECAA90A007D7038 /* CustomTVC.swift in Sources */ = {isa = PBXBuildFile; fileRef = 91618C0F1ECAA90A007D7038 /* CustomTVC.swift */; };
		91618C131ECAA90A007D7038 /* CustomVC.swift in Sources */ = {isa = PBXBuildFile; fileRef = 91618C101ECAA90A007D7038 /* CustomVC.swift */; };
		91E7CABE1ECAC32600E81F93 /* SBSharedMenu.swift in Sources */ = {isa = PBXBuildFile; fileRef = 91E7CAB71ECAC32600E81F93 /* SBSharedMenu.swift */; };
		91E7CABF1ECAC32600E81F93 /* SBModel.swift in Sources */ = {isa = PBXBuildFile; fileRef = 91E7CAB91ECAC32600E81F93 /* SBModel.swift */; };
		91E7CAC01ECAC32600E81F93 /* SBNet.swift in Sources */ = {isa = PBXBuildFile; fileRef = 91E7CABA1ECAC32600E81F93 /* SBNet.swift */; };
		91E7CAC11ECAC32600E81F93 /* SBAlertView.swift in Sources */ = {isa = PBXBuildFile; fileRef = 91E7CABC1ECAC32600E81F93 /* SBAlertView.swift */; };
		91E7CAC21ECAC32600E81F93 /* SBProgressHUDView.swift in Sources */ = {isa = PBXBuildFile; fileRef = 91E7CABD1ECAC32600E81F93 /* SBProgressHUDView.swift */; };
		91E7CAC51ECAC3A900E81F93 /* SBUserInfoModel.swift in Sources */ = {isa = PBXBuildFile; fileRef = 91E7CAC41ECAC3A900E81F93 /* SBUserInfoModel.swift */; };
		91E7CAE41ECAC65700E81F93 /* CustomButton.swift in Sources */ = {isa = PBXBuildFile; fileRef = 91E7CAC81ECAC65700E81F93 /* CustomButton.swift */; };
		91E7CAE51ECAC65700E81F93 /* CustomImageView.swift in Sources */ = {isa = PBXBuildFile; fileRef = 91E7CAC91ECAC65700E81F93 /* CustomImageView.swift */; };
		91E7CAE61ECAC65700E81F93 /* CustomLabel.swift in Sources */ = {isa = PBXBuildFile; fileRef = 91E7CACA1ECAC65700E81F93 /* CustomLabel.swift */; };
		91E7CAE71ECAC65700E81F93 /* CustomPageControl.swift in Sources */ = {isa = PBXBuildFile; fileRef = 91E7CACB1ECAC65700E81F93 /* CustomPageControl.swift */; };
		91E7CAE81ECAC65700E81F93 /* CustomScrollView.swift in Sources */ = {isa = PBXBuildFile; fileRef = 91E7CACC1ECAC65700E81F93 /* CustomScrollView.swift */; };
		91E7CAE91ECAC65700E81F93 /* CustomTableCell.swift in Sources */ = {isa = PBXBuildFile; fileRef = 91E7CACD1ECAC65700E81F93 /* CustomTableCell.swift */; };
		91E7CAEA1ECAC65700E81F93 /* CustomTableView.swift in Sources */ = {isa = PBXBuildFile; fileRef = 91E7CACE1ECAC65700E81F93 /* CustomTableView.swift */; };
		91E7CAEB1ECAC65700E81F93 /* CustomTextView.swift in Sources */ = {isa = PBXBuildFile; fileRef = 91E7CACF1ECAC65700E81F93 /* CustomTextView.swift */; };
		91E7CAEC1ECAC65700E81F93 /* CustomView.swift in Sources */ = {isa = PBXBuildFile; fileRef = 91E7CAD01ECAC65700E81F93 /* CustomView.swift */; };
		91E7CAED1ECAC65700E81F93 /* SBLabelMember.swift in Sources */ = {isa = PBXBuildFile; fileRef = 91E7CAD11ECAC65700E81F93 /* SBLabelMember.swift */; };
		91E7CAEE1ECAC65700E81F93 /* NSArray_Extension.swift in Sources */ = {isa = PBXBuildFile; fileRef = 91E7CAD31ECAC65700E81F93 /* NSArray_Extension.swift */; };
		91E7CAEF1ECAC65700E81F93 /* NSDate_Extension.swift in Sources */ = {isa = PBXBuildFile; fileRef = 91E7CAD41ECAC65700E81F93 /* NSDate_Extension.swift */; };
		91E7CAF01ECAC65700E81F93 /* NSObject_Extension.swift in Sources */ = {isa = PBXBuildFile; fileRef = 91E7CAD51ECAC65700E81F93 /* NSObject_Extension.swift */; };
		91E7CAF11ECAC65700E81F93 /* NSString_Extension.swift in Sources */ = {isa = PBXBuildFile; fileRef = 91E7CAD61ECAC65700E81F93 /* NSString_Extension.swift */; };
		91E7CAF21ECAC65700E81F93 /* UIImage_Extension.swift in Sources */ = {isa = PBXBuildFile; fileRef = 91E7CAD71ECAC65700E81F93 /* UIImage_Extension.swift */; };
		91E7CAF71ECAC65700E81F93 /* Icon-60@2x.png in Resources */ = {isa = PBXBuildFile; fileRef = 91E7CADD1ECAC65700E81F93 /* Icon-60@2x.png */; };
		91E7CAF81ECAC65700E81F93 /* Icon-60@3x.png in Resources */ = {isa = PBXBuildFile; fileRef = 91E7CADE1ECAC65700E81F93 /* Icon-60@3x.png */; };
		91E7CAF91ECAC65700E81F93 /* Icon-Small.png in Resources */ = {isa = PBXBuildFile; fileRef = 91E7CADF1ECAC65700E81F93 /* Icon-Small.png */; };
		91E7CAFA1ECAC65700E81F93 /* Icon-Small@2x.png in Resources */ = {isa = PBXBuildFile; fileRef = 91E7CAE01ECAC65700E81F93 /* Icon-Small@2x.png */; };
		91E7CAFB1ECAC65700E81F93 /* Icon.png in Resources */ = {isa = PBXBuildFile; fileRef = 91E7CAE11ECAC65700E81F93 /* Icon.png */; };
		91E7CAFC1ECAC65700E81F93 /* Icon@2x.png in Resources */ = {isa = PBXBuildFile; fileRef = 91E7CAE21ECAC65700E81F93 /* Icon@2x.png */; };
		91E7CAFD1ECAC65700E81F93 /* SBNa.png in Resources */ = {isa = PBXBuildFile; fileRef = 91E7CAE31ECAC65700E81F93 /* SBNa.png */; };
/* End PBXBuildFile section */

/* Begin PBXFileReference section */
		09E5505E3116CA8F3A8E12D4 /* Pods_SBSwiftFrameWork.framework */ = {isa = PBXFileReference; explicitFileType = wrapper.framework; includeInIndex = 0; path = Pods_SBSwiftFrameWork.framework; sourceTree = BUILT_PRODUCTS_DIR; };
		2732ECCE36CD939A6ECA2DC5 /* Pods-SBSwiftFrameWork.debug.xcconfig */ = {isa = PBXFileReference; includeInIndex = 1; lastKnownFileType = text.xcconfig; name = "Pods-SBSwiftFrameWork.debug.xcconfig"; path = "Pods/Target Support Files/Pods-SBSwiftFrameWork/Pods-SBSwiftFrameWork.debug.xcconfig"; sourceTree = "<group>"; };
		911DEEC11ECAA76D00B81844 /* SBSwiftFrameWork.app */ = {isa = PBXFileReference; explicitFileType = wrapper.application; includeInIndex = 0; path = SBSwiftFrameWork.app; sourceTree = BUILT_PRODUCTS_DIR; };
		911DEEC41ECAA76D00B81844 /* AppDelegate.swift */ = {isa = PBXFileReference; lastKnownFileType = sourcecode.swift; path = AppDelegate.swift; sourceTree = "<group>"; };
		911DEEC61ECAA76D00B81844 /* ViewController.swift */ = {isa = PBXFileReference; lastKnownFileType = sourcecode.swift; path = ViewController.swift; sourceTree = "<group>"; };
		911DEEC91ECAA76D00B81844 /* Base */ = {isa = PBXFileReference; lastKnownFileType = file.storyboard; name = Base; path = Base.lproj/Main.storyboard; sourceTree = "<group>"; };
		911DEECB1ECAA76D00B81844 /* Assets.xcassets */ = {isa = PBXFileReference; lastKnownFileType = folder.assetcatalog; path = Assets.xcassets; sourceTree = "<group>"; };
		911DEECE1ECAA76D00B81844 /* Base */ = {isa = PBXFileReference; lastKnownFileType = file.storyboard; name = Base; path = Base.lproj/LaunchScreen.storyboard; sourceTree = "<group>"; };
		911DEED01ECAA76D00B81844 /* Info.plist */ = {isa = PBXFileReference; lastKnownFileType = text.plist.xml; path = Info.plist; sourceTree = "<group>"; };
		91618C0E1ECAA90A007D7038 /* CustomNAVC.swift */ = {isa = PBXFileReference; fileEncoding = 4; lastKnownFileType = sourcecode.swift; path = CustomNAVC.swift; sourceTree = "<group>"; };
		91618C0F1ECAA90A007D7038 /* CustomTVC.swift */ = {isa = PBXFileReference; fileEncoding = 4; lastKnownFileType = sourcecode.swift; path = CustomTVC.swift; sourceTree = "<group>"; };
		91618C101ECAA90A007D7038 /* CustomVC.swift */ = {isa = PBXFileReference; fileEncoding = 4; lastKnownFileType = sourcecode.swift; path = CustomVC.swift; sourceTree = "<group>"; };
		91E7CAB71ECAC32600E81F93 /* SBSharedMenu.swift */ = {isa = PBXFileReference; fileEncoding = 4; lastKnownFileType = sourcecode.swift; path = SBSharedMenu.swift; sourceTree = "<group>"; };
		91E7CAB91ECAC32600E81F93 /* SBModel.swift */ = {isa = PBXFileReference; fileEncoding = 4; lastKnownFileType = sourcecode.swift; path = SBModel.swift; sourceTree = "<group>"; };
		91E7CABA1ECAC32600E81F93 /* SBNet.swift */ = {isa = PBXFileReference; fileEncoding = 4; lastKnownFileType = sourcecode.swift; path = SBNet.swift; sourceTree = "<group>"; };
		91E7CABC1ECAC32600E81F93 /* SBAlertView.swift */ = {isa = PBXFileReference; fileEncoding = 4; lastKnownFileType = sourcecode.swift; path = SBAlertView.swift; sourceTree = "<group>"; };
		91E7CABD1ECAC32600E81F93 /* SBProgressHUDView.swift */ = {isa = PBXFileReference; fileEncoding = 4; lastKnownFileType = sourcecode.swift; path = SBProgressHUDView.swift; sourceTree = "<group>"; };
		91E7CAC41ECAC3A900E81F93 /* SBUserInfoModel.swift */ = {isa = PBXFileReference; fileEncoding = 4; lastKnownFileType = sourcecode.swift; path = SBUserInfoModel.swift; sourceTree = "<group>"; };
		91E7CAC61ECAC44B00E81F93 /* Bridge-Header.h */ = {isa = PBXFileReference; lastKnownFileType = sourcecode.c.h; path = "Bridge-Header.h"; sourceTree = "<group>"; };
		91E7CAC81ECAC65700E81F93 /* CustomButton.swift */ = {isa = PBXFileReference; fileEncoding = 4; lastKnownFileType = sourcecode.swift; path = CustomButton.swift; sourceTree = "<group>"; };
		91E7CAC91ECAC65700E81F93 /* CustomImageView.swift */ = {isa = PBXFileReference; fileEncoding = 4; lastKnownFileType = sourcecode.swift; path = CustomImageView.swift; sourceTree = "<group>"; };
		91E7CACA1ECAC65700E81F93 /* CustomLabel.swift */ = {isa = PBXFileReference; fileEncoding = 4; lastKnownFileType = sourcecode.swift; path = CustomLabel.swift; sourceTree = "<group>"; };
		91E7CACB1ECAC65700E81F93 /* CustomPageControl.swift */ = {isa = PBXFileReference; fileEncoding = 4; lastKnownFileType = sourcecode.swift; path = CustomPageControl.swift; sourceTree = "<group>"; };
		91E7CACC1ECAC65700E81F93 /* CustomScrollView.swift */ = {isa = PBXFileReference; fileEncoding = 4; lastKnownFileType = sourcecode.swift; path = CustomScrollView.swift; sourceTree = "<group>"; };
		91E7CACD1ECAC65700E81F93 /* CustomTableCell.swift */ = {isa = PBXFileReference; fileEncoding = 4; lastKnownFileType = sourcecode.swift; path = CustomTableCell.swift; sourceTree = "<group>"; };
		91E7CACE1ECAC65700E81F93 /* CustomTableView.swift */ = {isa = PBXFileReference; fileEncoding = 4; lastKnownFileType = sourcecode.swift; path = CustomTableView.swift; sourceTree = "<group>"; };
		91E7CACF1ECAC65700E81F93 /* CustomTextView.swift */ = {isa = PBXFileReference; fileEncoding = 4; lastKnownFileType = sourcecode.swift; path = CustomTextView.swift; sourceTree = "<group>"; };
		91E7CAD01ECAC65700E81F93 /* CustomView.swift */ = {isa = PBXFileReference; fileEncoding = 4; lastKnownFileType = sourcecode.swift; path = CustomView.swift; sourceTree = "<group>"; };
		91E7CAD11ECAC65700E81F93 /* SBLabelMember.swift */ = {isa = PBXFileReference; fileEncoding = 4; lastKnownFileType = sourcecode.swift; path = SBLabelMember.swift; sourceTree = "<group>"; };
		91E7CAD31ECAC65700E81F93 /* NSArray_Extension.swift */ = {isa = PBXFileReference; fileEncoding = 4; lastKnownFileType = sourcecode.swift; path = NSArray_Extension.swift; sourceTree = "<group>"; };
		91E7CAD41ECAC65700E81F93 /* NSDate_Extension.swift */ = {isa = PBXFileReference; fileEncoding = 4; lastKnownFileType = sourcecode.swift; path = NSDate_Extension.swift; sourceTree = "<group>"; };
		91E7CAD51ECAC65700E81F93 /* NSObject_Extension.swift */ = {isa = PBXFileReference; fileEncoding = 4; lastKnownFileType = sourcecode.swift; path = NSObject_Extension.swift; sourceTree = "<group>"; };
		91E7CAD61ECAC65700E81F93 /* NSString_Extension.swift */ = {isa = PBXFileReference; fileEncoding = 4; lastKnownFileType = sourcecode.swift; path = NSString_Extension.swift; sourceTree = "<group>"; };
		91E7CAD71ECAC65700E81F93 /* UIImage_Extension.swift */ = {isa = PBXFileReference; fileEncoding = 4; lastKnownFileType = sourcecode.swift; path = UIImage_Extension.swift; sourceTree = "<group>"; };
		91E7CADD1ECAC65700E81F93 /* Icon-60@2x.png */ = {isa = PBXFileReference; lastKnownFileType = image.png; path = "Icon-60@2x.png"; sourceTree = "<group>"; };
		91E7CADE1ECAC65700E81F93 /* Icon-60@3x.png */ = {isa = PBXFileReference; lastKnownFileType = image.png; path = "Icon-60@3x.png"; sourceTree = "<group>"; };
		91E7CADF1ECAC65700E81F93 /* Icon-Small.png */ = {isa = PBXFileReference; lastKnownFileType = image.png; path = "Icon-Small.png"; sourceTree = "<group>"; };
		91E7CAE01ECAC65700E81F93 /* Icon-Small@2x.png */ = {isa = PBXFileReference; lastKnownFileType = image.png; path = "Icon-Small@2x.png"; sourceTree = "<group>"; };
		91E7CAE11ECAC65700E81F93 /* Icon.png */ = {isa = PBXFileReference; lastKnownFileType = image.png; path = Icon.png; sourceTree = "<group>"; };
		91E7CAE21ECAC65700E81F93 /* Icon@2x.png */ = {isa = PBXFileReference; lastKnownFileType = image.png; path = "Icon@2x.png"; sourceTree = "<group>"; };
		91E7CAE31ECAC65700E81F93 /* SBNa.png */ = {isa = PBXFileReference; lastKnownFileType = image.png; path = SBNa.png; sourceTree = "<group>"; };
		EEC38F0AAFAA5051DCD9BF48 /* Pods-SBSwiftFrameWork.release.xcconfig */ = {isa = PBXFileReference; includeInIndex = 1; lastKnownFileType = text.xcconfig; name = "Pods-SBSwiftFrameWork.release.xcconfig"; path = "Pods/Target Support Files/Pods-SBSwiftFrameWork/Pods-SBSwiftFrameWork.release.xcconfig"; sourceTree = "<group>"; };
/* End PBXFileReference section */

/* Begin PBXFrameworksBuildPhase section */
		911DEEBE1ECAA76D00B81844 /* Frameworks */ = {
			isa = PBXFrameworksBuildPhase;
			buildActionMask = 2147483647;
			files = (
				736C015CB0E728593E57E49B /* Pods_SBSwiftFrameWork.framework in Frameworks */,
			);
			runOnlyForDeploymentPostprocessing = 0;
		};
/* End PBXFrameworksBuildPhase section */

/* Begin PBXGroup section */
		056812F88F82511A34D64534 /* Pods */ = {
			isa = PBXGroup;
			children = (
				2732ECCE36CD939A6ECA2DC5 /* Pods-SBSwiftFrameWork.debug.xcconfig */,
				EEC38F0AAFAA5051DCD9BF48 /* Pods-SBSwiftFrameWork.release.xcconfig */,
			);
			name = Pods;
			sourceTree = "<group>";
		};
		8B7BB5AC57FA4EE2C86A3387 /* Frameworks */ = {
			isa = PBXGroup;
			children = (
				09E5505E3116CA8F3A8E12D4 /* Pods_SBSwiftFrameWork.framework */,
			);
			name = Frameworks;
			sourceTree = "<group>";
		};
		911DEEB81ECAA76D00B81844 = {
			isa = PBXGroup;
			children = (
				911DEEC31ECAA76D00B81844 /* SBSwiftFrameWork */,
				911DEEC21ECAA76D00B81844 /* Products */,
				056812F88F82511A34D64534 /* Pods */,
				8B7BB5AC57FA4EE2C86A3387 /* Frameworks */,
			);
			sourceTree = "<group>";
		};
		911DEEC21ECAA76D00B81844 /* Products */ = {
			isa = PBXGroup;
			children = (
				911DEEC11ECAA76D00B81844 /* SBSwiftFrameWork.app */,
			);
			name = Products;
			sourceTree = "<group>";
		};
		911DEEC31ECAA76D00B81844 /* SBSwiftFrameWork */ = {
			isa = PBXGroup;
			children = (
				91E7CAC71ECAC65700E81F93 /* CustomView */,
				91E7CAD21ECAC65700E81F93 /* Extensions */,
				91E7CAD81ECAC65700E81F93 /* CustomImages */,
				91E7CAC31ECAC3A900E81F93 /* SBModels */,
				91E7CAB61ECAC32600E81F93 /* Untility */,
				91618C0D1ECAA90A007D7038 /* CustomController */,
				911DEEC41ECAA76D00B81844 /* AppDelegate.swift */,
				911DEEC61ECAA76D00B81844 /* ViewController.swift */,
				911DEEC81ECAA76D00B81844 /* Main.storyboard */,
				911DEECB1ECAA76D00B81844 /* Assets.xcassets */,
				911DEECD1ECAA76D00B81844 /* LaunchScreen.storyboard */,
				911DEED01ECAA76D00B81844 /* Info.plist */,
				91E7CAC61ECAC44B00E81F93 /* Bridge-Header.h */,
			);
			path = SBSwiftFrameWork;
			sourceTree = "<group>";
		};
		91618C0D1ECAA90A007D7038 /* CustomController */ = {
			isa = PBXGroup;
			children = (
				91618C0E1ECAA90A007D7038 /* CustomNAVC.swift */,
				91618C0F1ECAA90A007D7038 /* CustomTVC.swift */,
				91618C101ECAA90A007D7038 /* CustomVC.swift */,
			);
			path = CustomController;
			sourceTree = "<group>";
		};
		91E7CAB61ECAC32600E81F93 /* Untility */ = {
			isa = PBXGroup;
			children = (
				91E7CAB71ECAC32600E81F93 /* SBSharedMenu.swift */,
				91E7CAB81ECAC32600E81F93 /* Untility_Net */,
				91E7CABB1ECAC32600E81F93 /* Untility_View */,
			);
			path = Untility;
			sourceTree = "<group>";
		};
		91E7CAB81ECAC32600E81F93 /* Untility_Net */ = {
			isa = PBXGroup;
			children = (
				91E7CAB91ECAC32600E81F93 /* SBModel.swift */,
				91E7CABA1ECAC32600E81F93 /* SBNet.swift */,
			);
			path = Untility_Net;
			sourceTree = "<group>";
		};
		91E7CABB1ECAC32600E81F93 /* Untility_View */ = {
			isa = PBXGroup;
			children = (
				91E7CABC1ECAC32600E81F93 /* SBAlertView.swift */,
				91E7CABD1ECAC32600E81F93 /* SBProgressHUDView.swift */,
			);
			path = Untility_View;
			sourceTree = "<group>";
		};
		91E7CAC31ECAC3A900E81F93 /* SBModels */ = {
			isa = PBXGroup;
			children = (
				91E7CAC41ECAC3A900E81F93 /* SBUserInfoModel.swift */,
			);
			path = SBModels;
			sourceTree = "<group>";
		};
		91E7CAC71ECAC65700E81F93 /* CustomView */ = {
			isa = PBXGroup;
			children = (
				91E7CAC81ECAC65700E81F93 /* CustomButton.swift */,
				91E7CAC91ECAC65700E81F93 /* CustomImageView.swift */,
				91E7CACA1ECAC65700E81F93 /* CustomLabel.swift */,
				91E7CACB1ECAC65700E81F93 /* CustomPageControl.swift */,
				91E7CACC1ECAC65700E81F93 /* CustomScrollView.swift */,
				91E7CACD1ECAC65700E81F93 /* CustomTableCell.swift */,
				91E7CACE1ECAC65700E81F93 /* CustomTableView.swift */,
				91E7CACF1ECAC65700E81F93 /* CustomTextView.swift */,
				91E7CAD01ECAC65700E81F93 /* CustomView.swift */,
				91E7CAD11ECAC65700E81F93 /* SBLabelMember.swift */,
			);
			path = CustomView;
			sourceTree = "<group>";
		};
		91E7CAD21ECAC65700E81F93 /* Extensions */ = {
			isa = PBXGroup;
			children = (
				91E7CAD31ECAC65700E81F93 /* NSArray_Extension.swift */,
				91E7CAD41ECAC65700E81F93 /* NSDate_Extension.swift */,
				91E7CAD51ECAC65700E81F93 /* NSObject_Extension.swift */,
				91E7CAD61ECAC65700E81F93 /* NSString_Extension.swift */,
				91E7CAD71ECAC65700E81F93 /* UIImage_Extension.swift */,
			);
			path = Extensions;
			sourceTree = "<group>";
		};
		91E7CAD81ECAC65700E81F93 /* CustomImages */ = {
			isa = PBXGroup;
			children = (
				91E7CADD1ECAC65700E81F93 /* Icon-60@2x.png */,
				91E7CADE1ECAC65700E81F93 /* Icon-60@3x.png */,
				91E7CADF1ECAC65700E81F93 /* Icon-Small.png */,
				91E7CAE01ECAC65700E81F93 /* Icon-Small@2x.png */,
				91E7CAE11ECAC65700E81F93 /* Icon.png */,
				91E7CAE21ECAC65700E81F93 /* Icon@2x.png */,
				91E7CAE31ECAC65700E81F93 /* SBNa.png */,
			);
			path = CustomImages;
			sourceTree = "<group>";
		};
/* End PBXGroup section */

/* Begin PBXNativeTarget section */
		911DEEC01ECAA76D00B81844 /* SBSwiftFrameWork */ = {
			isa = PBXNativeTarget;
			buildConfigurationList = 911DEED31ECAA76D00B81844 /* Build configuration list for PBXNativeTarget "SBSwiftFrameWork" */;
			buildPhases = (
				02267E79CCE5DB7A50B4F8FB /* [CP] Check Pods Manifest.lock */,
				911DEEBD1ECAA76D00B81844 /* Sources */,
				911DEEBE1ECAA76D00B81844 /* Frameworks */,
				911DEEBF1ECAA76D00B81844 /* Resources */,
				EDE43AAB36E2CB8494C8B151 /* [CP] Embed Pods Frameworks */,
				E7D2BCDF203605DF973F9F61 /* [CP] Copy Pods Resources */,
			);
			buildRules = (
			);
			dependencies = (
			);
			name = SBSwiftFrameWork;
			productName = SBSwiftFrameWork;
			productReference = 911DEEC11ECAA76D00B81844 /* SBSwiftFrameWork.app */;
			productType = "com.apple.product-type.application";
		};
/* End PBXNativeTarget section */

/* Begin PBXProject section */
		911DEEB91ECAA76D00B81844 /* Project object */ = {
			isa = PBXProject;
			attributes = {
				LastSwiftUpdateCheck = 0830;
				LastUpgradeCheck = 0830;
				ORGANIZATIONNAME = Bana;
				TargetAttributes = {
					911DEEC01ECAA76D00B81844 = {
						CreatedOnToolsVersion = 8.3.2;
						DevelopmentTeam = TRS94XKAMV;
						ProvisioningStyle = Automatic;
					};
				};
			};
			buildConfigurationList = 911DEEBC1ECAA76D00B81844 /* Build configuration list for PBXProject "SBSwiftFrameWork" */;
			compatibilityVersion = "Xcode 3.2";
			developmentRegion = English;
			hasScannedForEncodings = 0;
			knownRegions = (
				en,
				Base,
			);
			mainGroup = 911DEEB81ECAA76D00B81844;
			productRefGroup = 911DEEC21ECAA76D00B81844 /* Products */;
			projectDirPath = "";
			projectRoot = "";
			targets = (
				911DEEC01ECAA76D00B81844 /* SBSwiftFrameWork */,
			);
		};
/* End PBXProject section */

/* Begin PBXResourcesBuildPhase section */
		911DEEBF1ECAA76D00B81844 /* Resources */ = {
			isa = PBXResourcesBuildPhase;
			buildActionMask = 2147483647;
			files = (
				91E7CAFB1ECAC65700E81F93 /* Icon.png in Resources */,
				91E7CAFC1ECAC65700E81F93 /* Icon@2x.png in Resources */,
				911DEECF1ECAA76D00B81844 /* LaunchScreen.storyboard in Resources */,
				911DEECC1ECAA76D00B81844 /* Assets.xcassets in Resources */,
				911DEECA1ECAA76D00B81844 /* Main.storyboard in Resources */,
				91E7CAF81ECAC65700E81F93 /* Icon-60@3x.png in Resources */,
				91E7CAF91ECAC65700E81F93 /* Icon-Small.png in Resources */,
				91E7CAF71ECAC65700E81F93 /* Icon-60@2x.png in Resources */,
				91E7CAFA1ECAC65700E81F93 /* Icon-Small@2x.png in Resources */,
				91E7CAFD1ECAC65700E81F93 /* SBNa.png in Resources */,
			);
			runOnlyForDeploymentPostprocessing = 0;
		};
/* End PBXResourcesBuildPhase section */

/* Begin PBXShellScriptBuildPhase section */
		02267E79CCE5DB7A50B4F8FB /* [CP] Check Pods Manifest.lock */ = {
			isa = PBXShellScriptBuildPhase;
			buildActionMask = 2147483647;
			files = (
			);
			inputPaths = (
			);
			name = "[CP] Check Pods Manifest.lock";
			outputPaths = (
			);
			runOnlyForDeploymentPostprocessing = 0;
			shellPath = /bin/sh;
			shellScript = "diff \"${PODS_ROOT}/../Podfile.lock\" \"${PODS_ROOT}/Manifest.lock\" > /dev/null\nif [ $? != 0 ] ; then\n    # print error to STDERR\n    echo \"error: The sandbox is not in sync with the Podfile.lock. Run 'pod install' or update your CocoaPods installation.\" >&2\n    exit 1\nfi\n";
			showEnvVarsInLog = 0;
		};
		E7D2BCDF203605DF973F9F61 /* [CP] Copy Pods Resources */ = {
			isa = PBXShellScriptBuildPhase;
			buildActionMask = 2147483647;
			files = (
			);
			inputPaths = (
			);
			name = "[CP] Copy Pods Resources";
			outputPaths = (
			);
			runOnlyForDeploymentPostprocessing = 0;
			shellPath = /bin/sh;
			shellScript = "\"${SRCROOT}/Pods/Target Support Files/Pods-SBSwiftFrameWork/Pods-SBSwiftFrameWork-resources.sh\"\n";
			showEnvVarsInLog = 0;
		};
		EDE43AAB36E2CB8494C8B151 /* [CP] Embed Pods Frameworks */ = {
			isa = PBXShellScriptBuildPhase;
			buildActionMask = 2147483647;
			files = (
			);
			inputPaths = (
			);
			name = "[CP] Embed Pods Frameworks";
			outputPaths = (
			);
			runOnlyForDeploymentPostprocessing = 0;
			shellPath = /bin/sh;
			shellScript = "\"${SRCROOT}/Pods/Target Support Files/Pods-SBSwiftFrameWork/Pods-SBSwiftFrameWork-frameworks.sh\"\n";
			showEnvVarsInLog = 0;
		};
/* End PBXShellScriptBuildPhase section */

/* Begin PBXSourcesBuildPhase section */
		911DEEBD1ECAA76D00B81844 /* Sources */ = {
			isa = PBXSourcesBuildPhase;
			buildActionMask = 2147483647;
			files = (
				91E7CAEB1ECAC65700E81F93 /* CustomTextView.swift in Sources */,
				91E7CABE1ECAC32600E81F93 /* SBSharedMenu.swift in Sources */,
				911DEEC71ECAA76D00B81844 /* ViewController.swift in Sources */,
				91E7CAC01ECAC32600E81F93 /* SBNet.swift in Sources */,
				91E7CAE61ECAC65700E81F93 /* CustomLabel.swift in Sources */,
				91E7CAEC1ECAC65700E81F93 /* CustomView.swift in Sources */,
				91618C131ECAA90A007D7038 /* CustomVC.swift in Sources */,
				91E7CAE71ECAC65700E81F93 /* CustomPageControl.swift in Sources */,
				91E7CAEE1ECAC65700E81F93 /* NSArray_Extension.swift in Sources */,
				91E7CAF21ECAC65700E81F93 /* UIImage_Extension.swift in Sources */,
				91E7CAE81ECAC65700E81F93 /* CustomScrollView.swift in Sources */,
				91618C111ECAA90A007D7038 /* CustomNAVC.swift in Sources */,
				91E7CAEF1ECAC65700E81F93 /* NSDate_Extension.swift in Sources */,
				91E7CABF1ECAC32600E81F93 /* SBModel.swift in Sources */,
				91E7CAC51ECAC3A900E81F93 /* SBUserInfoModel.swift in Sources */,
				91618C121ECAA90A007D7038 /* CustomTVC.swift in Sources */,
				91E7CAF01ECAC65700E81F93 /* NSObject_Extension.swift in Sources */,
				91E7CAED1ECAC65700E81F93 /* SBLabelMember.swift in Sources */,
				91E7CAE41ECAC65700E81F93 /* CustomButton.swift in Sources */,
				91E7CAC11ECAC32600E81F93 /* SBAlertView.swift in Sources */,
				91E7CAE91ECAC65700E81F93 /* CustomTableCell.swift in Sources */,
				91E7CAEA1ECAC65700E81F93 /* CustomTableView.swift in Sources */,
				91E7CAF11ECAC65700E81F93 /* NSString_Extension.swift in Sources */,
				91E7CAC21ECAC32600E81F93 /* SBProgressHUDView.swift in Sources */,
				911DEEC51ECAA76D00B81844 /* AppDelegate.swift in Sources */,
				91E7CAE51ECAC65700E81F93 /* CustomImageView.swift in Sources */,
			);
			runOnlyForDeploymentPostprocessing = 0;
		};
/* End PBXSourcesBuildPhase section */

/* Begin PBXVariantGroup section */
		911DEEC81ECAA76D00B81844 /* Main.storyboard */ = {
			isa = PBXVariantGroup;
			children = (
				911DEEC91ECAA76D00B81844 /* Base */,
			);
			name = Main.storyboard;
			sourceTree = "<group>";
		};
		911DEECD1ECAA76D00B81844 /* LaunchScreen.storyboard */ = {
			isa = PBXVariantGroup;
			children = (
				911DEECE1ECAA76D00B81844 /* Base */,
			);
			name = LaunchScreen.storyboard;
			sourceTree = "<group>";
		};
/* End PBXVariantGroup section */

/* Begin XCBuildConfiguration section */
		911DEED11ECAA76D00B81844 /* Debug */ = {
			isa = XCBuildConfiguration;
			buildSettings = {
				ALWAYS_SEARCH_USER_PATHS = NO;
				CLANG_ANALYZER_NONNULL = YES;
				CLANG_ANALYZER_NUMBER_OBJECT_CONVERSION = YES_AGGRESSIVE;
				CLANG_CXX_LANGUAGE_STANDARD = "gnu++0x";
				CLANG_CXX_LIBRARY = "libc++";
				CLANG_ENABLE_MODULES = YES;
				CLANG_ENABLE_OBJC_ARC = YES;
				CLANG_WARN_BOOL_CONVERSION = YES;
				CLANG_WARN_CONSTANT_CONVERSION = YES;
				CLANG_WARN_DIRECT_OBJC_ISA_USAGE = YES_ERROR;
				CLANG_WARN_DOCUMENTATION_COMMENTS = YES;
				CLANG_WARN_EMPTY_BODY = YES;
				CLANG_WARN_ENUM_CONVERSION = YES;
				CLANG_WARN_INFINITE_RECURSION = YES;
				CLANG_WARN_INT_CONVERSION = YES;
				CLANG_WARN_OBJC_ROOT_CLASS = YES_ERROR;
				CLANG_WARN_SUSPICIOUS_MOVE = YES;
				CLANG_WARN_UNREACHABLE_CODE = YES;
				CLANG_WARN__DUPLICATE_METHOD_MATCH = YES;
				"CODE_SIGN_IDENTITY[sdk=iphoneos*]" = "iPhone Developer";
				COPY_PHASE_STRIP = NO;
				DEBUG_INFORMATION_FORMAT = dwarf;
				ENABLE_STRICT_OBJC_MSGSEND = YES;
				ENABLE_TESTABILITY = YES;
				GCC_C_LANGUAGE_STANDARD = gnu99;
				GCC_DYNAMIC_NO_PIC = NO;
				GCC_NO_COMMON_BLOCKS = YES;
				GCC_OPTIMIZATION_LEVEL = 0;
				GCC_PREPROCESSOR_DEFINITIONS = (
					"DEBUG=1",
					"$(inherited)",
				);
				GCC_WARN_64_TO_32_BIT_CONVERSION = YES;
				GCC_WARN_ABOUT_RETURN_TYPE = YES_ERROR;
				GCC_WARN_UNDECLARED_SELECTOR = YES;
				GCC_WARN_UNINITIALIZED_AUTOS = YES_AGGRESSIVE;
				GCC_WARN_UNUSED_FUNCTION = YES;
				GCC_WARN_UNUSED_VARIABLE = YES;
				IPHONEOS_DEPLOYMENT_TARGET = 10.3;
				MTL_ENABLE_DEBUG_INFO = YES;
				ONLY_ACTIVE_ARCH = YES;
				SDKROOT = iphoneos;
				SWIFT_ACTIVE_COMPILATION_CONDITIONS = DEBUG;
				SWIFT_OPTIMIZATION_LEVEL = "-Onone";
			};
			name = Debug;
		};
		911DEED21ECAA76D00B81844 /* Release */ = {
			isa = XCBuildConfiguration;
			buildSettings = {
				ALWAYS_SEARCH_USER_PATHS = NO;
				CLANG_ANALYZER_NONNULL = YES;
				CLANG_ANALYZER_NUMBER_OBJECT_CONVERSION = YES_AGGRESSIVE;
				CLANG_CXX_LANGUAGE_STANDARD = "gnu++0x";
				CLANG_CXX_LIBRARY = "libc++";
				CLANG_ENABLE_MODULES = YES;
				CLANG_ENABLE_OBJC_ARC = YES;
				CLANG_WARN_BOOL_CONVERSION = YES;
				CLANG_WARN_CONSTANT_CONVERSION = YES;
				CLANG_WARN_DIRECT_OBJC_ISA_USAGE = YES_ERROR;
				CLANG_WARN_DOCUMENTATION_COMMENTS = YES;
				CLANG_WARN_EMPTY_BODY = YES;
				CLANG_WARN_ENUM_CONVERSION = YES;
				CLANG_WARN_INFINITE_RECURSION = YES;
				CLANG_WARN_INT_CONVERSION = YES;
				CLANG_WARN_OBJC_ROOT_CLASS = YES_ERROR;
				CLANG_WARN_SUSPICIOUS_MOVE = YES;
				CLANG_WARN_UNREACHABLE_CODE = YES;
				CLANG_WARN__DUPLICATE_METHOD_MATCH = YES;
				"CODE_SIGN_IDENTITY[sdk=iphoneos*]" = "iPhone Developer";
				COPY_PHASE_STRIP = NO;
				DEBUG_INFORMATION_FORMAT = "dwarf-with-dsym";
				ENABLE_NS_ASSERTIONS = NO;
				ENABLE_STRICT_OBJC_MSGSEND = YES;
				GCC_C_LANGUAGE_STANDARD = gnu99;
				GCC_NO_COMMON_BLOCKS = YES;
				GCC_WARN_64_TO_32_BIT_CONVERSION = YES;
				GCC_WARN_ABOUT_RETURN_TYPE = YES_ERROR;
				GCC_WARN_UNDECLARED_SELECTOR = YES;
				GCC_WARN_UNINITIALIZED_AUTOS = YES_AGGRESSIVE;
				GCC_WARN_UNUSED_FUNCTION = YES;
				GCC_WARN_UNUSED_VARIABLE = YES;
				IPHONEOS_DEPLOYMENT_TARGET = 10.3;
				MTL_ENABLE_DEBUG_INFO = NO;
				SDKROOT = iphoneos;
				SWIFT_OPTIMIZATION_LEVEL = "-Owholemodule";
				VALIDATE_PRODUCT = YES;
			};
			name = Release;
		};
		911DEED41ECAA76D00B81844 /* Debug */ = {
			isa = XCBuildConfiguration;
			baseConfigurationReference = 2732ECCE36CD939A6ECA2DC5 /* Pods-SBSwiftFrameWork.debug.xcconfig */;
			buildSettings = {
				DEVELOPMENT_TEAM = TRS94XKAMV;
				INFOPLIST_FILE = SBSwiftFrameWork/Info.plist;
				IPHONEOS_DEPLOYMENT_TARGET = 9.0;
				LD_RUNPATH_SEARCH_PATHS = "$(inherited) @executable_path/Frameworks";
				PRODUCT_BUNDLE_IDENTIFIER = com.bana.test.SBSwiftFrameWork;
				PRODUCT_NAME = "$(TARGET_NAME)";
				SWIFT_OBJC_BRIDGING_HEADER = "$(PROJECT_DIR)/$(PROJECT_NAME)/Bridge-Header.h";
				SWIFT_VERSION = 4.0;
			};
			name = Debug;
		};
		911DEED51ECAA76D00B81844 /* Release */ = {
			isa = XCBuildConfiguration;
			baseConfigurationReference = EEC38F0AAFAA5051DCD9BF48 /* Pods-SBSwiftFrameWork.release.xcconfig */;
			buildSettings = {
				DEVELOPMENT_TEAM = TRS94XKAMV;
				INFOPLIST_FILE = SBSwiftFrameWork/Info.plist;
				IPHONEOS_DEPLOYMENT_TARGET = 9.0;
				LD_RUNPATH_SEARCH_PATHS = "$(inherited) @executable_path/Frameworks";
				PRODUCT_BUNDLE_IDENTIFIER = com.bana.test.SBSwiftFrameWork;
				PRODUCT_NAME = "$(TARGET_NAME)";
				SWIFT_OBJC_BRIDGING_HEADER = "$(PROJECT_DIR)/$(PROJECT_NAME)/Bridge-Header.h";
				SWIFT_VERSION = 4.0;
			};
			name = Release;
		};
/* End XCBuildConfiguration section */

/* Begin XCConfigurationList section */
		911DEEBC1ECAA76D00B81844 /* Build configuration list for PBXProject "SBSwiftFrameWork" */ = {
			isa = XCConfigurationList;
			buildConfigurations = (
				911DEED11ECAA76D00B81844 /* Debug */,
				911DEED21ECAA76D00B81844 /* Release */,
			);
			defaultConfigurationIsVisible = 0;
			defaultConfigurationName = Release;
		};
		911DEED31ECAA76D00B81844 /* Build configuration list for PBXNativeTarget "SBSwiftFrameWork" */ = {
			isa = XCConfigurationList;
			buildConfigurations = (
				911DEED41ECAA76D00B81844 /* Debug */,
				911DEED51ECAA76D00B81844 /* Release */,
			);
			defaultConfigurationIsVisible = 0;
			defaultConfigurationName = Release;
		};
/* End XCConfigurationList section */
	};
	rootObject = 911DEEB91ECAA76D00B81844 /* Project object */;
}
